# This is a Gradle generated file for dependency locking.
# Manual edits can break the build and are not advised.
# This file is expected to be part of source control.
biz.aQute.bnd:biz.aQute.bnd.annotation:7.1.0=testFixturesCompileClasspath
com.fasterxml.jackson.core:jackson-annotations:2.20=demoServerRuntimeClasspath,runtimeClasspath,testFixturesRuntimeClasspath,testRuntimeClasspath
com.github.ben-manes.caffeine:caffeine:3.0.5=annotationProcessor,demoServerAnnotationProcessor,testAnnotationProcessor,testFixturesAnnotationProcessor
com.github.kevinstern:software-and-algorithms:1.0=annotationProcessor,demoServerAnnotationProcessor,testAnnotationProcessor,testFixturesAnnotationProcessor
com.github.spotbugs:spotbugs-annotations:4.9.8=spotbugs
com.github.spotbugs:spotbugs:4.9.8=spotbugs
com.github.stephenc.jcip:jcip-annotations:1.0-1=spotbugs
com.google.auto.service:auto-service-annotations:1.0.1=annotationProcessor,demoServerAnnotationProcessor,testAnnotationProcessor,testFixturesAnnotationProcessor
com.google.auto.value:auto-value-annotations:1.9=annotationProcessor,demoServerAnnotationProcessor,testAnnotationProcessor,testFixturesAnnotationProcessor
com.google.auto:auto-common:1.2.2=annotationProcessor,demoServerAnnotationProcessor,testAnnotationProcessor,testFixturesAnnotationProcessor
com.google.code.findbugs:jsr305:3.0.2=checkstyle,spotbugs
com.google.code.gson:gson:2.13.2=spotbugs
com.google.errorprone:error_prone_annotation:2.48.0=annotationProcessor,demoServerAnnotationProcessor,testAnnotationProcessor,testFixturesAnnotationProcessor
com.google.errorprone:error_prone_annotations:2.36.0=checkstyle
com.google.errorprone:error_prone_annotations:2.38.0=testFixturesCompileClasspath
com.google.errorprone:error_prone_annotations:2.41.0=spotbugs
com.google.errorprone:error_prone_annotations:2.48.0=annotationProcessor,demoServerAnnotationProcessor,testAnnotationProcessor,testFixturesAnnotationProcessor
com.google.errorprone:error_prone_check_api:2.48.0=annotationProcessor,demoServerAnnotationProcessor,testAnnotationProcessor,testFixturesAnnotationProcessor
com.google.errorprone:error_prone_core:2.48.0=annotationProcessor,demoServerAnnotationProcessor,testAnnotationProcessor,testFixturesAnnotationProcessor
com.google.googlejavaformat:google-java-format:1.34.1=annotationProcessor,demoServerAnnotationProcessor,testAnnotationProcessor,testFixturesAnnotationProcessor
com.google.guava:failureaccess:1.0.3=annotationProcessor,checkstyle,demoServerAnnotationProcessor,testAnnotationProcessor,testFixturesAnnotationProcessor
com.google.guava:guava:33.4.8-jre=checkstyle
com.google.guava:guava:33.5.0-jre=annotationProcessor,demoServerAnnotationProcessor,testAnnotationProcessor,testFixturesAnnotationProcessor
com.google.guava:listenablefuture:9999.0-empty-to-avoid-conflict-with-guava=annotationProcessor,checkstyle,demoServerAnnotationProcessor,testAnnotationProcessor,testFixturesAnnotationProcessor
com.google.j2objc:j2objc-annotations:3.0.0=checkstyle
com.google.j2objc:j2objc-annotations:3.1=annotationProcessor,demoServerAnnotationProcessor,testAnnotationProcessor,testFixturesAnnotationProcessor
com.google.protobuf:protobuf-java:4.33.2=annotationProcessor,demoServerAnnotationProcessor,testAnnotationProcessor,testFixturesAnnotationProcessor
com.nimbusds:nimbus-jose-jwt:10.4=demoServerRuntimeClasspath,runtimeClasspath,testFixturesRuntimeClasspath,testRuntimeClasspath
com.puppycrawl.tools:checkstyle:10.24.0=checkstyle
com.uber.nullaway:nullaway:0.13.1=annotationProcessor,demoServerAnnotationProcessor,testAnnotationProcessor,testFixturesAnnotationProcessor
commons-beanutils:commons-beanutils:1.10.1=checkstyle
commons-codec:commons-codec:1.15=checkstyle
commons-collections:commons-collections:3.2.2=checkstyle
commons-io:commons-io:2.20.0=spotbugs
commons-logging:commons-logging:1.3.5=compileClasspath,demoServerCompileClasspath,demoServerRuntimeClasspath,runtimeClasspath,testCompileClasspath,testFixturesCompileClasspath,testFixturesRuntimeClasspath,testRuntimeClasspath
info.picocli:picocli:4.7.7=checkstyle
io.github.eisop:dataflow-errorprone:3.41.0-eisop1=annotationProcessor,demoServerAnnotationProcessor,testAnnotationProcessor,testFixturesAnnotationProcessor
io.github.java-diff-utils:java-diff-utils:4.12=annotationProcessor,demoServerAnnotationProcessor,testAnnotationProcessor,testFixturesAnnotationProcessor
io.micrometer:micrometer-commons:1.16.3=compileClasspath,demoServerCompileClasspath,demoServerRuntimeClasspath,runtimeClasspath,testCompileClasspath,testFixturesCompileClasspath,testFixturesRuntimeClasspath,testRuntimeClasspath
io.micrometer:micrometer-core:1.16.3=demoServerRuntimeClasspath
io.micrometer:micrometer-jakarta9:1.16.3=demoServerRuntimeClasspath
io.micrometer:micrometer-observation:1.16.3=compileClasspath,demoServerCompileClasspath,demoServerRuntimeClasspath,runtimeClasspath,testCompileClasspath,testFixturesCompileClasspath,testFixturesRuntimeClasspath,testRuntimeClasspath
io.netty:netty-buffer:4.2.10.Final=testRuntimeClasspath
io.netty:netty-codec-base:4.2.10.Final=testRuntimeClasspath
io.netty:netty-codec-classes-quic:4.2.10.Final=testRuntimeClasspath
io.netty:netty-codec-compression:4.2.10.Final=testRuntimeClasspath
io.netty:netty-codec-dns:4.2.10.Final=testRuntimeClasspath
io.netty:netty-codec-http2:4.2.10.Final=testRuntimeClasspath
io.netty:netty-codec-http3:4.2.10.Final=testRuntimeClasspath
io.netty:netty-codec-http:4.2.10.Final=testRuntimeClasspath
io.netty:netty-codec-native-quic:4.2.10.Final=testRuntimeClasspath
io.netty:netty-codec-socks:4.2.10.Final=testRuntimeClasspath
io.netty:netty-common:4.2.10.Final=testRuntimeClasspath
io.netty:netty-handler-proxy:4.2.10.Final=testRuntimeClasspath
io.netty:netty-handler:4.2.10.Final=testRuntimeClasspath
io.netty:netty-resolver-dns-classes-macos:4.2.10.Final=testRuntimeClasspath
io.netty:netty-resolver-dns-native-macos:4.2.10.Final=testRuntimeClasspath
io.netty:netty-resolver-dns:4.2.10.Final=testRuntimeClasspath
io.netty:netty-resolver:4.2.10.Final=testRuntimeClasspath
io.netty:netty-transport-classes-epoll:4.2.10.Final=testRuntimeClasspath
io.netty:netty-transport-native-epoll:4.2.10.Final=testRuntimeClasspath
io.netty:netty-transport-native-unix-common:4.2.10.Final=testRuntimeClasspath
io.netty:netty-transport:4.2.10.Final=testRuntimeClasspath
io.projectreactor.netty:reactor-netty-core:1.3.3=testRuntimeClasspath
io.projectreactor.netty:reactor-netty-http:1.3.3=testRuntimeClasspath
io.projectreactor:reactor-core:3.8.3=testRuntimeClasspath
jakarta.annotation:jakarta.annotation-api:3.0.0=compileClasspath,demoServerRuntimeClasspath,runtimeClasspath,testFixturesRuntimeClasspath,testRuntimeClasspath
jakarta.platform:jakarta.jakartaee-bom:11.0.0=compileClasspath,demoServerRuntimeClasspath,runtimeClasspath,testCompileClasspath,testFixturesCompileClasspath,testFixturesRuntimeClasspath,testRuntimeClasspath
javax.inject:javax.inject:1=annotationProcessor,demoServerAnnotationProcessor,testAnnotationProcessor,testFixturesAnnotationProcessor
jaxen:jaxen:2.0.0=spotbugs
net.bytebuddy:byte-buddy:1.18.3=testCompileClasspath,testRuntimeClasspath
net.sf.saxon:Saxon-HE:12.5=checkstyle
net.sf.saxon:Saxon-HE:12.9=spotbugs
org.antlr:antlr4-runtime:4.13.2=checkstyle
org.apache.bcel:bcel:6.11.0=spotbugs
org.apache.commons:commons-lang3:3.19.0=spotbugs
org.apache.commons:commons-lang3:3.8.1=checkstyle
org.apache.commons:commons-text:1.14.0=spotbugs
org.apache.commons:commons-text:1.3=checkstyle
org.apache.httpcomponents.client5:httpclient5:5.1.3=checkstyle
org.apache.httpcomponents.core5:httpcore5-h2:5.1.3=checkstyle
org.apache.httpcomponents.core5:httpcore5:5.1.3=checkstyle
org.apache.httpcomponents:httpclient:4.5.13=checkstyle
org.apache.httpcomponents:httpcore:4.4.14=checkstyle
org.apache.logging.log4j:log4j-api:2.25.2=spotbugs
org.apache.logging.log4j:log4j-api:2.25.3=demoServerRuntimeClasspath,runtimeClasspath,testFixturesCompileClasspath,testFixturesRuntimeClasspath,testRuntimeClasspath
org.apache.logging.log4j:log4j-core:2.25.2=spotbugs
org.apache.logging.log4j:log4j-core:2.25.3=demoServerRuntimeClasspath,runtimeClasspath,testFixturesRuntimeClasspath,testRuntimeClasspath
org.apache.logging.log4j:log4j-jul:2.25.3=demoServerRuntimeClasspath,runtimeClasspath,testFixturesRuntimeClasspath,testRuntimeClasspath
org.apache.logging.log4j:log4j-slf4j2-impl:2.25.3=demoServerRuntimeClasspath,runtimeClasspath,testFixturesRuntimeClasspath,testRuntimeClasspath
org.apache.maven.doxia:doxia-core:1.12.0=checkstyle
org.apache.maven.doxia:doxia-logging-api:1.12.0=checkstyle
org.apache.maven.doxia:doxia-module-xdoc:1.12.0=checkstyle
org.apache.maven.doxia:doxia-sink-api:1.12.0=checkstyle
org.apache.tomcat.embed:tomcat-embed-core:11.0.18=demoServerRuntimeClasspath,runtimeClasspath,testFixturesRuntimeClasspath,testRuntimeClasspath
org.apache.tomcat.embed:tomcat-embed-el:11.0.18=demoServerRuntimeClasspath,runtimeClasspath,testFixturesRuntimeClasspath,testRuntimeClasspath
org.apache.tomcat.embed:tomcat-embed-websocket:11.0.18=demoServerRuntimeClasspath,runtimeClasspath,testFixturesRuntimeClasspath,testRuntimeClasspath
org.apache.xbean:xbean-reflect:3.7=checkstyle
org.apiguardian:apiguardian-api:1.1.2=testCompileClasspath
org.assertj:assertj-core:3.27.7=testCompileClasspath,testRuntimeClasspath
org.checkerframework:checker-qual:3.49.3=checkstyle
org.checkerframework:checker-qual:3.53.0=annotationProcessor,demoServerAnnotationProcessor,testAnnotationProcessor,testFixturesAnnotationProcessor
org.checkerframework:dataflow-nullaway:3.53.0=annotationProcessor,demoServerAnnotationProcessor,testAnnotationProcessor,testFixturesAnnotationProcessor
org.codehaus.plexus:plexus-classworlds:2.6.0=checkstyle
org.codehaus.plexus:plexus-component-annotations:2.1.0=checkstyle
org.codehaus.plexus:plexus-container-default:2.1.0=checkstyle
org.codehaus.plexus:plexus-utils:3.3.0=checkstyle
org.dom4j:dom4j:2.2.0=spotbugs
org.hdrhistogram:HdrHistogram:2.2.2=demoServerRuntimeClasspath
org.jacoco:org.jacoco.agent:0.8.14=jacocoAgent,jacocoAnt
org.jacoco:org.jacoco.ant:0.8.14=jacocoAnt
org.jacoco:org.jacoco.core:0.8.14=jacocoAnt
org.jacoco:org.jacoco.report:0.8.14=jacocoAnt
org.javassist:javassist:3.28.0-GA=checkstyle
org.jmolecules:jmolecules-bom:2023.3.4=compileClasspath,demoServerRuntimeClasspath,runtimeClasspath,testCompileClasspath,testFixturesCompileClasspath,testFixturesRuntimeClasspath,testRuntimeClasspath
org.jmolecules:jmolecules-layered-architecture:1.10.0=compileClasspath,testCompileClasspath
org.jspecify:jspecify:1.0.0=annotationProcessor,checkstyle,compileClasspath,demoServerAnnotationProcessor,demoServerCompileClasspath,demoServerRuntimeClasspath,runtimeClasspath,testAnnotationProcessor,testCompileClasspath,testFixturesAnnotationProcessor,testFixturesCompileClasspath,testFixturesRuntimeClasspath,testRuntimeClasspath
org.junit.jupiter:junit-jupiter-api:6.0.3=testCompileClasspath,testRuntimeClasspath
org.junit.jupiter:junit-jupiter-engine:6.0.3=testRuntimeClasspath
org.junit.jupiter:junit-jupiter-params:6.0.3=testCompileClasspath,testRuntimeClasspath
org.junit.platform:junit-platform-commons:6.0.3=testCompileClasspath,testRuntimeClasspath
org.junit.platform:junit-platform-engine:6.0.3=testRuntimeClasspath
org.junit.platform:junit-platform-launcher:6.0.3=testRuntimeClasspath
org.junit:junit-bom:5.14.0=spotbugs
org.junit:junit-bom:6.0.3=testCompileClasspath,testRuntimeClasspath
org.latencyutils:LatencyUtils:2.0.3=demoServerRuntimeClasspath
org.opentest4j:opentest4j:1.3.0=testCompileClasspath,testRuntimeClasspath
org.osgi:org.osgi.annotation.bundle:2.0.0=testFixturesCompileClasspath
org.osgi:org.osgi.annotation.versioning:1.1.2=testFixturesCompileClasspath
org.osgi:org.osgi.resource:1.0.0=testFixturesCompileClasspath
org.osgi:org.osgi.service.serviceloader:1.0.0=testFixturesCompileClasspath
org.ow2.asm:asm-analysis:9.9=spotbugs
org.ow2.asm:asm-commons:9.9=jacocoAnt,spotbugs
org.ow2.asm:asm-tree:9.9=jacocoAnt,spotbugs
org.ow2.asm:asm-util:9.9=spotbugs
org.ow2.asm:asm:9.9=jacocoAnt,spotbugs
org.pcollections:pcollections:4.0.1=annotationProcessor,demoServerAnnotationProcessor,testAnnotationProcessor,testFixturesAnnotationProcessor
org.reactivestreams:reactive-streams:1.0.4=testRuntimeClasspath
org.reflections:reflections:0.10.2=checkstyle
org.slf4j:slf4j-api:2.0.17=demoServerRuntimeClasspath,runtimeClasspath,spotbugs,spotbugsSlf4j,testFixturesRuntimeClasspath,testRuntimeClasspath
org.slf4j:slf4j-simple:2.0.17=spotbugsSlf4j
org.springframework.boot:spring-boot-actuator-autoconfigure:4.0.3=demoServerRuntimeClasspath
org.springframework.boot:spring-boot-actuator:4.0.3=demoServerCompileClasspath,demoServerRuntimeClasspath
org.springframework.boot:spring-boot-autoconfigure:4.0.3=demoServerCompileClasspath,demoServerRuntimeClasspath,runtimeClasspath,testFixturesRuntimeClasspath,testRuntimeClasspath
org.springframework.boot:spring-boot-dependencies:4.0.3=compileClasspath,demoServerCompileClasspath,demoServerRuntimeClasspath,runtimeClasspath,testCompileClasspath,testFixturesCompileClasspath,testFixturesRuntimeClasspath,testRuntimeClasspath
org.springframework.boot:spring-boot-devtools:4.0.3=demoServerRuntimeClasspath
org.springframework.boot:spring-boot-health:4.0.3=demoServerRuntimeClasspath
org.springframework.boot:spring-boot-http-codec:4.0.3=testRuntimeClasspath
org.springframework.boot:spring-boot-http-converter:4.0.3=demoServerRuntimeClasspath,runtimeClasspath,testFixturesRuntimeClasspath,testRuntimeClasspath
org.springframework.boot:spring-boot-jackson:4.0.3=demoServerRuntimeClasspath,runtimeClasspath,testFixturesRuntimeClasspath,testRuntimeClasspath
org.springframework.boot:spring-boot-micrometer-metrics:4.0.3=demoServerRuntimeClasspath
org.springframework.boot:spring-boot-micrometer-observation:4.0.3=demoServerRuntimeClasspath
org.springframework.boot:spring-boot-netty:4.0.3=testRuntimeClasspath
org.springframework.boot:spring-boot-reactor-netty:4.0.3=testRuntimeClasspath
org.springframework.boot:spring-boot-reactor:4.0.3=testRuntimeClasspath
org.springframework.boot:spring-boot-security-oauth2-resource-server:4.0.3=demoServerRuntimeClasspath,runtimeClasspath,testFixturesRuntimeClasspath,testRuntimeClasspath
org.springframework.boot:spring-boot-security:4.0.3=demoServerRuntimeClasspath,runtimeClasspath,testFixturesRuntimeClasspath,testRuntimeClasspath
org.springframework.boot:spring-boot-servlet:4.0.3=demoServerRuntimeClasspath,runtimeClasspath,testFixturesRuntimeClasspath,testRuntimeClasspath
org.springframework.boot:spring-boot-starter-actuator:4.0.3=demoServerRuntimeClasspath
org.springframework.boot:spring-boot-starter-jackson:4.0.3=demoServerRuntimeClasspath,runtimeClasspath,testFixturesRuntimeClasspath,testRuntimeClasspath
org.springframework.boot:spring-boot-starter-log4j2:4.0.3=demoServerRuntimeClasspath,runtimeClasspath,testFixturesRuntimeClasspath,testRuntimeClasspath
org.springframework.boot:spring-boot-starter-micrometer-metrics:4.0.3=demoServerRuntimeClasspath
org.springframework.boot:spring-boot-starter-oauth2-resource-server:4.0.3=demoServerRuntimeClasspath,runtimeClasspath,testFixturesRuntimeClasspath,testRuntimeClasspath
org.springframework.boot:spring-boot-starter-reactor-netty:4.0.3=testRuntimeClasspath
org.springframework.boot:spring-boot-starter-security:4.0.3=demoServerRuntimeClasspath,runtimeClasspath,testFixturesRuntimeClasspath,testRuntimeClasspath
org.springframework.boot:spring-boot-starter-tomcat-runtime:4.0.3=demoServerRuntimeClasspath,runtimeClasspath,testFixturesRuntimeClasspath,testRuntimeClasspath
org.springframework.boot:spring-boot-starter-tomcat:4.0.3=demoServerRuntimeClasspath,runtimeClasspath,testFixturesRuntimeClasspath,testRuntimeClasspath
org.springframework.boot:spring-boot-starter-web:4.0.3=demoServerRuntimeClasspath,runtimeClasspath,testFixturesRuntimeClasspath,testRuntimeClasspath
org.springframework.boot:spring-boot-starter-webflux:4.0.3=testRuntimeClasspath
org.springframework.boot:spring-boot-starter:4.0.3=demoServerRuntimeClasspath,runtimeClasspath,testFixturesRuntimeClasspath,testRuntimeClasspath
org.springframework.boot:spring-boot-test:4.0.3=testCompileClasspath,testRuntimeClasspath
org.springframework.boot:spring-boot-tomcat:4.0.3=demoServerRuntimeClasspath,runtimeClasspath,testFixturesRuntimeClasspath,testRuntimeClasspath
org.springframework.boot:spring-boot-web-server:4.0.3=demoServerRuntimeClasspath,runtimeClasspath,testFixturesRuntimeClasspath,testRuntimeClasspath
org.springframework.boot:spring-boot-webflux:4.0.3=testRuntimeClasspath
org.springframework.boot:spring-boot-webmvc:4.0.3=demoServerRuntimeClasspath,runtimeClasspath,testFixturesRuntimeClasspath,testRuntimeClasspath
org.springframework.boot:spring-boot:4.0.3=demoServerCompileClasspath,demoServerRuntimeClasspath,runtimeClasspath,testCompileClasspath,testFixturesRuntimeClasspath,testRuntimeClasspath
org.springframework.modulith:spring-modulith-bom:2.0.3=compileClasspath,demoServerRuntimeClasspath,runtimeClasspath,testCompileClasspath,testFixturesCompileClasspath,testFixturesRuntimeClasspath,testRuntimeClasspath
org.springframework.security:spring-security-config:7.0.3=compileClasspath,demoServerCompileClasspath,demoServerRuntimeClasspath,runtimeClasspath,testCompileClasspath,testFixturesRuntimeClasspath,testRuntimeClasspath
org.springframework.security:spring-security-core:7.0.3=compileClasspath,demoServerCompileClasspath,demoServerRuntimeClasspath,runtimeClasspath,testCompileClasspath,testFixturesCompileClasspath,testFixturesRuntimeClasspath,testRuntimeClasspath
org.springframework.security:spring-security-crypto:7.0.3=compileClasspath,demoServerCompileClasspath,demoServerRuntimeClasspath,runtimeClasspath,testCompileClasspath,testFixturesCompileClasspath,testFixturesRuntimeClasspath,testRuntimeClasspath
org.springframework.security:spring-security-oauth2-core:7.0.3=demoServerRuntimeClasspath,runtimeClasspath,testFixturesRuntimeClasspath,testRuntimeClasspath
org.springframework.security:spring-security-oauth2-jose:7.0.3=demoServerRuntimeClasspath,runtimeClasspath,testFixturesRuntimeClasspath,testRuntimeClasspath
org.springframework.security:spring-security-oauth2-resource-server:7.0.3=demoServerRuntimeClasspath,runtimeClasspath,testFixturesRuntimeClasspath,testRuntimeClasspath
org.springframework.security:spring-security-web:7.0.3=compileClasspath,demoServerRuntimeClasspath,runtimeClasspath,testCompileClasspath,testFixturesRuntimeClasspath,testRuntimeClasspath
org.springframework:spring-aop:7.0.5=compileClasspath,demoServerCompileClasspath,demoServerRuntimeClasspath,runtimeClasspath,testCompileClasspath,testFixturesCompileClasspath,testFixturesRuntimeClasspath,testRuntimeClasspath
org.springframework:spring-beans:7.0.5=compileClasspath,demoServerCompileClasspath,demoServerRuntimeClasspath,runtimeClasspath,testCompileClasspath,testFixturesCompileClasspath,testFixturesRuntimeClasspath,testRuntimeClasspath
org.springframework:spring-context:7.0.5=compileClasspath,demoServerCompileClasspath,demoServerRuntimeClasspath,runtimeClasspath,testCompileClasspath,testFixturesCompileClasspath,testFixturesRuntimeClasspath,testRuntimeClasspath
org.springframework:spring-core:7.0.5=compileClasspath,demoServerCompileClasspath,demoServerRuntimeClasspath,runtimeClasspath,testCompileClasspath,testFixturesCompileClasspath,testFixturesRuntimeClasspath,testRuntimeClasspath
org.springframework:spring-expression:7.0.5=compileClasspath,demoServerCompileClasspath,demoServerRuntimeClasspath,runtimeClasspath,testCompileClasspath,testFixturesCompileClasspath,testFixturesRuntimeClasspath,testRuntimeClasspath
org.springframework:spring-test:7.0.5=testCompileClasspath,testRuntimeClasspath
org.springframework:spring-web:7.0.5=compileClasspath,demoServerCompileClasspath,demoServerRuntimeClasspath,runtimeClasspath,testCompileClasspath,testFixturesCompileClasspath,testFixturesRuntimeClasspath,testRuntimeClasspath
org.springframework:spring-webflux:7.0.5=testRuntimeClasspath
org.springframework:spring-webmvc:7.0.5=demoServerCompileClasspath,demoServerRuntimeClasspath,runtimeClasspath,testFixturesRuntimeClasspath,testRuntimeClasspath
org.xmlresolver:xmlresolver:5.2.2=checkstyle
org.xmlresolver:xmlresolver:5.3.3=spotbugs
org.yaml:snakeyaml:2.5=demoServerRuntimeClasspath,runtimeClasspath,testFixturesRuntimeClasspath,testRuntimeClasspath
tools.jackson.core:jackson-core:3.0.4=demoServerRuntimeClasspath,runtimeClasspath,testFixturesRuntimeClasspath,testRuntimeClasspath
tools.jackson.core:jackson-databind:3.0.4=demoServerRuntimeClasspath,runtimeClasspath,testFixturesRuntimeClasspath,testRuntimeClasspath
tools.jackson:jackson-bom:3.0.4=demoServerRuntimeClasspath,runtimeClasspath,testFixturesRuntimeClasspath,testRuntimeClasspath
empty=spotbugsPlugins
