# This is a Gradle generated file for dependency locking.
# Manual edits can break the build and are not advised.
# This file is expected to be part of source control.
ch.qos.logback:logback-classic:1.3.14=spotless996156776
ch.qos.logback:logback-core:1.3.14=spotless996156776
com.fasterxml:classmate:1.7.0=annotationProcessor,runtimeClasspath,testFixturesRuntimeClasspath,testRuntimeClasspath,whiteboxRuntimeClasspath
com.github.ben-manes.caffeine:caffeine:3.0.5=errorprone,testAnnotationProcessor,testFixturesAnnotationProcessor,whiteboxAnnotationProcessor
com.github.ben-manes.caffeine:caffeine:3.1.8=annotationProcessor
com.github.f4b6a3:uuid-creator:5.3.7=compileClasspath,runtimeClasspath,testCompileClasspath,testFixturesRuntimeClasspath,testRuntimeClasspath,whiteboxRuntimeClasspath
com.github.kevinstern:software-and-algorithms:1.0=annotationProcessor,errorprone,testAnnotationProcessor,testFixturesAnnotationProcessor,whiteboxAnnotationProcessor
com.github.spotbugs:spotbugs-annotations:4.8.6=spotbugs
com.github.spotbugs:spotbugs:4.8.6=spotbugs
com.github.stephenc.jcip:jcip-annotations:1.0-1=spotbugs
com.google.auto.service:auto-service-annotations:1.0.1=annotationProcessor,errorprone,testAnnotationProcessor,testFixturesAnnotationProcessor,whiteboxAnnotationProcessor
com.google.auto.value:auto-value-annotations:1.9=annotationProcessor,errorprone,testAnnotationProcessor,testFixturesAnnotationProcessor,whiteboxAnnotationProcessor
com.google.auto:auto-common:1.2.2=annotationProcessor,errorprone,testAnnotationProcessor,testFixturesAnnotationProcessor,whiteboxAnnotationProcessor
com.google.code.findbugs:jsr305:3.0.2=annotationProcessor,checkstyle,errorprone,spotbugs,testAnnotationProcessor,testFixturesAnnotationProcessor,whiteboxAnnotationProcessor
com.google.code.gson:gson:2.11.0=spotbugs
com.google.errorprone:error_prone_annotation:2.32.0=annotationProcessor,errorprone,testAnnotationProcessor,testFixturesAnnotationProcessor,whiteboxAnnotationProcessor
com.google.errorprone:error_prone_annotations:2.27.0=spotbugs
com.google.errorprone:error_prone_annotations:2.32.0=annotationProcessor,errorprone,testAnnotationProcessor,testFixturesAnnotationProcessor,whiteboxAnnotationProcessor
com.google.errorprone:error_prone_annotations:2.7.1=checkstyle
com.google.errorprone:error_prone_check_api:2.32.0=annotationProcessor,errorprone,testAnnotationProcessor,testFixturesAnnotationProcessor,whiteboxAnnotationProcessor
com.google.errorprone:error_prone_core:2.32.0=annotationProcessor,errorprone,testAnnotationProcessor,testFixturesAnnotationProcessor,whiteboxAnnotationProcessor
com.google.errorprone:error_prone_type_annotations:2.32.0=annotationProcessor,errorprone,testAnnotationProcessor,testFixturesAnnotationProcessor,whiteboxAnnotationProcessor
com.google.errorprone:javac:9+181-r4173-1=errorproneJavac
com.google.guava:failureaccess:1.0.1=annotationProcessor,checkstyle,errorprone,testAnnotationProcessor,testFixturesAnnotationProcessor,whiteboxAnnotationProcessor
com.google.guava:guava-parent:32.1.1-jre=annotationProcessor,errorprone,testAnnotationProcessor,testFixturesAnnotationProcessor,whiteboxAnnotationProcessor
com.google.guava:guava:31.0.1-jre=checkstyle
com.google.guava:guava:32.1.1-jre=annotationProcessor,errorprone,testAnnotationProcessor,testFixturesAnnotationProcessor,whiteboxAnnotationProcessor
com.google.guava:listenablefuture:9999.0-empty-to-avoid-conflict-with-guava=checkstyle
com.google.j2objc:j2objc-annotations:1.3=checkstyle
com.google.protobuf:protobuf-java:3.19.6=annotationProcessor,errorprone,testAnnotationProcessor,testFixturesAnnotationProcessor,whiteboxAnnotationProcessor
com.h2database:h2:2.2.224=testRuntimeClasspath
com.pinterest.ktlint:ktlint-cli-reporter-baseline:1.1.1=spotless996156776
com.pinterest.ktlint:ktlint-cli-reporter-checkstyle:1.1.1=spotless996156776
com.pinterest.ktlint:ktlint-cli-reporter-core:1.1.1=spotless996156776
com.pinterest.ktlint:ktlint-cli-reporter-format:1.1.1=spotless996156776
com.pinterest.ktlint:ktlint-cli-reporter-html:1.1.1=spotless996156776
com.pinterest.ktlint:ktlint-cli-reporter-json:1.1.1=spotless996156776
com.pinterest.ktlint:ktlint-cli-reporter-plain-summary:1.1.1=spotless996156776
com.pinterest.ktlint:ktlint-cli-reporter-plain:1.1.1=spotless996156776
com.pinterest.ktlint:ktlint-cli-reporter-sarif:1.1.1=spotless996156776
com.pinterest.ktlint:ktlint-cli-ruleset-core:1.1.1=spotless996156776
com.pinterest.ktlint:ktlint-cli:1.1.1=spotless996156776
com.pinterest.ktlint:ktlint-logger:1.1.1=spotless996156776
com.pinterest.ktlint:ktlint-rule-engine-core:1.1.1=spotless996156776
com.pinterest.ktlint:ktlint-rule-engine:1.1.1=spotless996156776
com.pinterest.ktlint:ktlint-ruleset-standard:1.1.1=spotless996156776
com.puppycrawl.tools:checkstyle:9.3=checkstyle
com.sun.istack:istack-commons-runtime:4.1.2=annotationProcessor,runtimeClasspath,testFixturesRuntimeClasspath,testRuntimeClasspath,whiteboxRuntimeClasspath
com.tngtech.archunit:archunit-junit5-api:1.3.0=whiteboxCompileClasspath,whiteboxRuntimeClasspath
com.tngtech.archunit:archunit:1.3.0=testCompileClasspath,testRuntimeClasspath,whiteboxCompileClasspath,whiteboxRuntimeClasspath
com.uber.nullaway:nullaway:0.11.3=annotationProcessor,errorprone,testAnnotationProcessor,testFixturesAnnotationProcessor,whiteboxAnnotationProcessor
com.xenoterracide:tools:0.0.1-alpha.0.109+ba61e681=compileClasspath
com.zaxxer:HikariCP:5.1.0=runtimeClasspath,testFixturesRuntimeClasspath,testRuntimeClasspath,whiteboxRuntimeClasspath
commons-beanutils:commons-beanutils:1.9.4=checkstyle
commons-codec:commons-codec:1.15=spotbugs
commons-collections:commons-collections:3.2.2=checkstyle
dev.drewhamilton.poko:poko-annotations-jvm:0.15.2=spotless996156776
dev.drewhamilton.poko:poko-annotations:0.15.2=spotless996156776
info.picocli:picocli:4.6.2=checkstyle
info.picocli:picocli:4.7.5=spotless996156776
io.github.detekt.sarif4k:sarif4k-jvm:0.5.0=spotless996156776
io.github.detekt.sarif4k:sarif4k:0.5.0=spotless996156776
io.github.eisop:dataflow-errorprone:3.41.0-eisop1=annotationProcessor,errorprone,testAnnotationProcessor,testFixturesAnnotationProcessor,whiteboxAnnotationProcessor
io.github.java-diff-utils:java-diff-utils:4.12=annotationProcessor,errorprone,testAnnotationProcessor,testFixturesAnnotationProcessor,whiteboxAnnotationProcessor
io.github.oshai:kotlin-logging-jvm:5.1.4=spotless996156776
io.micrometer:micrometer-commons:1.13.4=compileClasspath,runtimeClasspath,testCompileClasspath,testFixturesCompileClasspath,testFixturesRuntimeClasspath,testRuntimeClasspath,whiteboxCompileClasspath,whiteboxRuntimeClasspath
io.micrometer:micrometer-observation:1.13.4=compileClasspath,runtimeClasspath,testCompileClasspath,testFixturesCompileClasspath,testFixturesRuntimeClasspath,testRuntimeClasspath,whiteboxCompileClasspath,whiteboxRuntimeClasspath
io.smallrye:jandex:3.1.2=annotationProcessor,runtimeClasspath,testFixturesRuntimeClasspath,testRuntimeClasspath,whiteboxRuntimeClasspath
jakarta.activation:jakarta.activation-api:2.1.3=annotationProcessor,runtimeClasspath,testFixturesRuntimeClasspath,testRuntimeClasspath,whiteboxRuntimeClasspath
jakarta.annotation:jakarta.annotation-api:2.1.1=annotationProcessor,compileClasspath,runtimeClasspath,testCompileClasspath,testFixturesCompileClasspath,testFixturesRuntimeClasspath,testRuntimeClasspath,whiteboxCompileClasspath,whiteboxRuntimeClasspath
jakarta.enterprise:jakarta.enterprise.cdi-api:4.0.1=runtimeClasspath,testFixturesRuntimeClasspath,testRuntimeClasspath,whiteboxRuntimeClasspath
jakarta.enterprise:jakarta.enterprise.lang-model:4.0.1=runtimeClasspath,testFixturesRuntimeClasspath,testRuntimeClasspath,whiteboxRuntimeClasspath
jakarta.inject:jakarta.inject-api:2.0.1=annotationProcessor,runtimeClasspath,testFixturesRuntimeClasspath,testRuntimeClasspath,whiteboxRuntimeClasspath
jakarta.interceptor:jakarta.interceptor-api:2.1.0=runtimeClasspath,testFixturesRuntimeClasspath,testRuntimeClasspath,whiteboxRuntimeClasspath
jakarta.persistence:jakarta.persistence-api:3.1.0=annotationProcessor,compileClasspath,runtimeClasspath,testCompileClasspath,testFixturesCompileClasspath,testFixturesRuntimeClasspath,testRuntimeClasspath,whiteboxCompileClasspath,whiteboxRuntimeClasspath
jakarta.platform:jakarta.jakartaee-bom:10.0.0=annotationProcessor,compileClasspath,runtimeClasspath,testCompileClasspath,testFixturesCompileClasspath,testFixturesRuntimeClasspath,testRuntimeClasspath,whiteboxCompileClasspath,whiteboxRuntimeClasspath
jakarta.transaction:jakarta.transaction-api:2.0.1=annotationProcessor,compileClasspath,runtimeClasspath,testCompileClasspath,testFixturesCompileClasspath,testFixturesRuntimeClasspath,testRuntimeClasspath,whiteboxCompileClasspath,whiteboxRuntimeClasspath
jakarta.validation:jakarta.validation-api:3.0.2=annotationProcessor,compileClasspath,runtimeClasspath,testCompileClasspath,testFixturesCompileClasspath,testFixturesRuntimeClasspath,testRuntimeClasspath,whiteboxCompileClasspath,whiteboxRuntimeClasspath
jakarta.xml.bind:jakarta.xml.bind-api:4.0.2=annotationProcessor,runtimeClasspath,testFixturesRuntimeClasspath,testRuntimeClasspath,whiteboxRuntimeClasspath
javax.inject:javax.inject:1=annotationProcessor,errorprone,testAnnotationProcessor,testFixturesAnnotationProcessor,whiteboxAnnotationProcessor
jaxen:jaxen:2.0.0=spotbugs
net.bytebuddy:byte-buddy:1.14.19=annotationProcessor,runtimeClasspath,testCompileClasspath,testFixturesRuntimeClasspath,testRuntimeClasspath
net.bytebuddy:byte-buddy:1.15.1=whiteboxCompileClasspath,whiteboxRuntimeClasspath
net.sf.saxon:Saxon-HE:10.6=checkstyle
net.sf.saxon:Saxon-HE:12.4=spotbugs
nl.jqno.equalsverifier:equalsverifier:3.17=whiteboxCompileClasspath,whiteboxRuntimeClasspath
org.antlr:antlr4-runtime:4.13.0=annotationProcessor,compileClasspath,runtimeClasspath,testCompileClasspath,testFixturesCompileClasspath,testFixturesRuntimeClasspath,testRuntimeClasspath,whiteboxCompileClasspath,whiteboxRuntimeClasspath
org.antlr:antlr4-runtime:4.9.3=checkstyle
org.apache.bcel:bcel:6.9.0=spotbugs
org.apache.commons:commons-lang3:3.14.0=spotbugs
org.apache.commons:commons-lang3:3.17.0=runtimeClasspath,testFixturesRuntimeClasspath,testRuntimeClasspath,whiteboxRuntimeClasspath
org.apache.commons:commons-text:1.10.0=spotbugs
org.apache.httpcomponents.client5:httpclient5:5.1.3=spotbugs
org.apache.httpcomponents.core5:httpcore5-h2:5.1.3=spotbugs
org.apache.httpcomponents.core5:httpcore5:5.1.3=spotbugs
org.apache.logging.log4j:log4j-api:2.23.1=runtimeClasspath,spotbugs,testFixturesRuntimeClasspath,testRuntimeClasspath,whiteboxRuntimeClasspath
org.apache.logging.log4j:log4j-core:2.23.1=runtimeClasspath,spotbugs,testFixturesRuntimeClasspath,testRuntimeClasspath,whiteboxRuntimeClasspath
org.apache.logging.log4j:log4j-jul:2.23.1=runtimeClasspath,testFixturesRuntimeClasspath,testRuntimeClasspath,whiteboxRuntimeClasspath
org.apache.logging.log4j:log4j-slf4j2-impl:2.23.1=runtimeClasspath,testFixturesRuntimeClasspath,testRuntimeClasspath,whiteboxRuntimeClasspath
org.apache.tomcat.embed:tomcat-embed-el:10.1.30=runtimeClasspath,testFixturesRuntimeClasspath,testRuntimeClasspath,whiteboxRuntimeClasspath
org.apiguardian:apiguardian-api:1.1.2=testCompileClasspath,whiteboxCompileClasspath
org.aspectj:aspectjweaver:1.9.22.1=runtimeClasspath,testFixturesRuntimeClasspath,testRuntimeClasspath,whiteboxRuntimeClasspath
org.assertj:assertj-core:3.26.3=testCompileClasspath,testRuntimeClasspath,whiteboxCompileClasspath,whiteboxRuntimeClasspath
org.awaitility:awaitility:4.2.2=testCompileClasspath,testRuntimeClasspath
org.checkerframework:checker-qual:3.12.0=checkstyle
org.checkerframework:checker-qual:3.33.0=errorprone,testAnnotationProcessor,testFixturesAnnotationProcessor,whiteboxAnnotationProcessor
org.checkerframework:checker-qual:3.37.0=annotationProcessor
org.checkerframework:dataflow-nullaway:3.43.0=annotationProcessor,errorprone,testAnnotationProcessor,testFixturesAnnotationProcessor,whiteboxAnnotationProcessor
org.dom4j:dom4j:2.1.4=spotbugs
org.ec4j.core:ec4j-core:0.3.0=spotless996156776
org.eclipse.angus:angus-activation:2.0.2=annotationProcessor,runtimeClasspath,testFixturesRuntimeClasspath,testRuntimeClasspath,whiteboxRuntimeClasspath
org.glassfish.jaxb:jaxb-core:4.0.5=annotationProcessor,runtimeClasspath,testFixturesRuntimeClasspath,testRuntimeClasspath,whiteboxRuntimeClasspath
org.glassfish.jaxb:jaxb-runtime:4.0.5=annotationProcessor,runtimeClasspath,testFixturesRuntimeClasspath,testRuntimeClasspath,whiteboxRuntimeClasspath
org.glassfish.jaxb:txw2:4.0.5=annotationProcessor,runtimeClasspath,testFixturesRuntimeClasspath,testRuntimeClasspath,whiteboxRuntimeClasspath
org.hamcrest:hamcrest:2.2=testCompileClasspath,testRuntimeClasspath
org.hibernate.common:hibernate-commons-annotations:6.0.6.Final=annotationProcessor,runtimeClasspath,testFixturesRuntimeClasspath,testRuntimeClasspath,whiteboxRuntimeClasspath
org.hibernate.orm:hibernate-core:6.5.3.Final=annotationProcessor,compileClasspath,runtimeClasspath,testCompileClasspath,testFixturesCompileClasspath,testFixturesRuntimeClasspath,testRuntimeClasspath,whiteboxCompileClasspath,whiteboxRuntimeClasspath
org.hibernate.orm:hibernate-envers:6.5.3.Final=compileClasspath,runtimeClasspath,testCompileClasspath,testFixturesCompileClasspath,testFixturesRuntimeClasspath,testRuntimeClasspath,whiteboxCompileClasspath,whiteboxRuntimeClasspath
org.hibernate.orm:hibernate-jpamodelgen:6.4.10.Final=annotationProcessor
org.hibernate.validator:hibernate-validator:8.0.1.Final=runtimeClasspath,testFixturesRuntimeClasspath,testRuntimeClasspath,whiteboxRuntimeClasspath
org.immutables:annotate:2.10.1=compileClasspath,testFixturesCompileClasspath
org.immutables:bom:2.10.1=annotationProcessor,compileClasspath,testFixturesAnnotationProcessor,testFixturesCompileClasspath
org.immutables:builder:2.10.1=compileClasspath,testFixturesCompileClasspath
org.immutables:value-annotations:2.10.1=compileClasspath,testFixturesCompileClasspath
org.immutables:value:2.10.1=annotationProcessor,testFixturesAnnotationProcessor
org.jacoco:org.jacoco.agent:0.8.11=jacocoAgent,jacocoAnt
org.jacoco:org.jacoco.ant:0.8.11=jacocoAnt
org.jacoco:org.jacoco.core:0.8.11=jacocoAnt
org.jacoco:org.jacoco.report:0.8.11=jacocoAnt
org.javassist:javassist:3.28.0-GA=checkstyle
org.jboss.logging:jboss-logging:3.5.3.Final=annotationProcessor,runtimeClasspath,testFixturesRuntimeClasspath,testRuntimeClasspath,whiteboxRuntimeClasspath
org.jetbrains.intellij.deps:trove4j:1.0.20200330=spotless996156776
org.jetbrains.kotlin:kotlin-compiler-embeddable:1.9.22=spotless996156776
org.jetbrains.kotlin:kotlin-daemon-embeddable:1.9.22=spotless996156776
org.jetbrains.kotlin:kotlin-reflect:1.6.10=spotless996156776
org.jetbrains.kotlin:kotlin-script-runtime:1.9.22=spotless996156776
org.jetbrains.kotlin:kotlin-stdlib-common:1.9.22=spotless996156776
org.jetbrains.kotlin:kotlin-stdlib-jdk7:1.8.22=spotless996156776
org.jetbrains.kotlin:kotlin-stdlib-jdk8:1.8.22=spotless996156776
org.jetbrains.kotlin:kotlin-stdlib:1.9.22=spotless996156776
org.jetbrains.kotlinx:kotlinx-serialization-core-jvm:1.4.1=spotless996156776
org.jetbrains.kotlinx:kotlinx-serialization-core:1.4.1=spotless996156776
org.jetbrains.kotlinx:kotlinx-serialization-json-jvm:1.4.1=spotless996156776
org.jetbrains.kotlinx:kotlinx-serialization-json:1.4.1=spotless996156776
org.jetbrains:annotations:13.0=spotless996156776
org.jmolecules.integrations:jmolecules-archunit:0.21.0=whiteboxCompileClasspath,whiteboxRuntimeClasspath
org.jmolecules:jmolecules-bom:2023.1.4=compileClasspath,runtimeClasspath,testCompileClasspath,testFixturesCompileClasspath,testFixturesRuntimeClasspath,testRuntimeClasspath,whiteboxCompileClasspath,whiteboxRuntimeClasspath
org.jmolecules:jmolecules-ddd:1.9.0=compileClasspath,runtimeClasspath,testCompileClasspath,testFixturesCompileClasspath,testFixturesRuntimeClasspath,testRuntimeClasspath,whiteboxCompileClasspath,whiteboxRuntimeClasspath
org.jmolecules:jmolecules-layered-architecture:1.9.0=compileClasspath,testCompileClasspath,whiteboxCompileClasspath
org.jspecify:jspecify:1.0.0=annotationProcessor,compileClasspath,errorprone,testAnnotationProcessor,testCompileClasspath,testFixturesAnnotationProcessor,testFixturesCompileClasspath,whiteboxAnnotationProcessor,whiteboxCompileClasspath
org.junit.jupiter:junit-jupiter-api:5.11.1=testCompileClasspath,testRuntimeClasspath,whiteboxCompileClasspath,whiteboxRuntimeClasspath
org.junit.jupiter:junit-jupiter-engine:5.11.1=testRuntimeClasspath,whiteboxRuntimeClasspath
org.junit.jupiter:junit-jupiter-params:5.11.1=testCompileClasspath,testRuntimeClasspath,whiteboxCompileClasspath,whiteboxRuntimeClasspath
org.junit.jupiter:junit-jupiter:5.11.1=whiteboxCompileClasspath,whiteboxRuntimeClasspath
org.junit.platform:junit-platform-commons:1.11.1=testCompileClasspath,testRuntimeClasspath,whiteboxCompileClasspath,whiteboxRuntimeClasspath
org.junit.platform:junit-platform-engine:1.11.1=testRuntimeClasspath,whiteboxRuntimeClasspath
org.junit.platform:junit-platform-launcher:1.11.1=testRuntimeClasspath,whiteboxRuntimeClasspath
org.junit:junit-bom:5.11.1=compileClasspath,runtimeClasspath,testCompileClasspath,testFixturesCompileClasspath,testFixturesRuntimeClasspath,testRuntimeClasspath,whiteboxCompileClasspath,whiteboxRuntimeClasspath
org.objenesis:objenesis:3.4=whiteboxCompileClasspath,whiteboxRuntimeClasspath
org.opentest4j:opentest4j:1.3.0=testCompileClasspath,testRuntimeClasspath,whiteboxCompileClasspath,whiteboxRuntimeClasspath
org.ow2.asm:asm-analysis:9.7=spotbugs
org.ow2.asm:asm-commons:9.6=jacocoAnt
org.ow2.asm:asm-commons:9.7=spotbugs
org.ow2.asm:asm-tree:9.6=jacocoAnt
org.ow2.asm:asm-tree:9.7=spotbugs
org.ow2.asm:asm-util:9.7=spotbugs
org.ow2.asm:asm:9.6=jacocoAnt
org.ow2.asm:asm:9.7=spotbugs
org.pcollections:pcollections:4.0.1=annotationProcessor,errorprone,testAnnotationProcessor,testFixturesAnnotationProcessor,whiteboxAnnotationProcessor
org.reflections:reflections:0.10.2=checkstyle
org.slf4j:slf4j-api:2.0.0=spotbugsSlf4j
org.slf4j:slf4j-api:2.0.13=spotbugs
org.slf4j:slf4j-api:2.0.16=compileClasspath,runtimeClasspath,testCompileClasspath,testFixturesCompileClasspath,testFixturesRuntimeClasspath,testRuntimeClasspath,whiteboxCompileClasspath,whiteboxRuntimeClasspath
org.slf4j:slf4j-api:2.0.7=spotless996156776
org.slf4j:slf4j-simple:2.0.0=spotbugsSlf4j
org.springframework.boot:spring-boot-autoconfigure:3.3.4=runtimeClasspath,testCompileClasspath,testFixturesRuntimeClasspath,testRuntimeClasspath,whiteboxRuntimeClasspath
org.springframework.boot:spring-boot-dependencies:3.3.4=annotationProcessor,compileClasspath,runtimeClasspath,testCompileClasspath,testFixturesCompileClasspath,testFixturesRuntimeClasspath,testRuntimeClasspath,whiteboxCompileClasspath,whiteboxRuntimeClasspath
org.springframework.boot:spring-boot-starter-aop:3.3.4=runtimeClasspath,testFixturesRuntimeClasspath,testRuntimeClasspath,whiteboxRuntimeClasspath
org.springframework.boot:spring-boot-starter-data-jpa:3.3.4=runtimeClasspath,testFixturesRuntimeClasspath,testRuntimeClasspath,whiteboxRuntimeClasspath
org.springframework.boot:spring-boot-starter-jdbc:3.3.4=runtimeClasspath,testFixturesRuntimeClasspath,testRuntimeClasspath,whiteboxRuntimeClasspath
org.springframework.boot:spring-boot-starter-log4j2:3.3.4=runtimeClasspath,testFixturesRuntimeClasspath,testRuntimeClasspath,whiteboxRuntimeClasspath
org.springframework.boot:spring-boot-starter-validation:3.3.4=runtimeClasspath,testFixturesRuntimeClasspath,testRuntimeClasspath,whiteboxRuntimeClasspath
org.springframework.boot:spring-boot-starter:3.3.4=runtimeClasspath,testFixturesRuntimeClasspath,testRuntimeClasspath,whiteboxRuntimeClasspath
org.springframework.boot:spring-boot-test-autoconfigure:3.3.4=testCompileClasspath,testRuntimeClasspath
org.springframework.boot:spring-boot-test:3.3.4=testCompileClasspath,testRuntimeClasspath
org.springframework.boot:spring-boot:3.3.4=runtimeClasspath,testCompileClasspath,testFixturesRuntimeClasspath,testRuntimeClasspath,whiteboxRuntimeClasspath
org.springframework.data:spring-data-commons:3.3.4=compileClasspath,runtimeClasspath,testCompileClasspath,testFixturesCompileClasspath,testFixturesRuntimeClasspath,testRuntimeClasspath,whiteboxCompileClasspath,whiteboxRuntimeClasspath
org.springframework.data:spring-data-jpa:3.3.4=compileClasspath,runtimeClasspath,testCompileClasspath,testFixturesCompileClasspath,testFixturesRuntimeClasspath,testRuntimeClasspath,whiteboxCompileClasspath,whiteboxRuntimeClasspath
org.springframework.modulith:spring-modulith-api:1.2.4=compileClasspath,runtimeClasspath,testCompileClasspath,testFixturesRuntimeClasspath,testRuntimeClasspath,whiteboxRuntimeClasspath
org.springframework.modulith:spring-modulith-bom:1.2.4=compileClasspath,runtimeClasspath,testCompileClasspath,testFixturesCompileClasspath,testFixturesRuntimeClasspath,testRuntimeClasspath,whiteboxCompileClasspath,whiteboxRuntimeClasspath
org.springframework.modulith:spring-modulith-core:1.2.4=testCompileClasspath,testRuntimeClasspath
org.springframework.modulith:spring-modulith-test:1.2.4=testCompileClasspath,testRuntimeClasspath
org.springframework:spring-aop:6.1.13=compileClasspath,runtimeClasspath,testCompileClasspath,testFixturesCompileClasspath,testFixturesRuntimeClasspath,testRuntimeClasspath,whiteboxCompileClasspath,whiteboxRuntimeClasspath
org.springframework:spring-aspects:6.1.13=runtimeClasspath,testFixturesRuntimeClasspath,testRuntimeClasspath,whiteboxRuntimeClasspath
org.springframework:spring-beans:6.1.13=compileClasspath,runtimeClasspath,testCompileClasspath,testFixturesCompileClasspath,testFixturesRuntimeClasspath,testRuntimeClasspath,whiteboxCompileClasspath,whiteboxRuntimeClasspath
org.springframework:spring-context:6.1.13=compileClasspath,runtimeClasspath,testCompileClasspath,testFixturesCompileClasspath,testFixturesRuntimeClasspath,testRuntimeClasspath,whiteboxCompileClasspath,whiteboxRuntimeClasspath
org.springframework:spring-core:6.1.13=compileClasspath,runtimeClasspath,testCompileClasspath,testFixturesCompileClasspath,testFixturesRuntimeClasspath,testRuntimeClasspath,whiteboxCompileClasspath,whiteboxRuntimeClasspath
org.springframework:spring-expression:6.1.13=compileClasspath,runtimeClasspath,testCompileClasspath,testFixturesCompileClasspath,testFixturesRuntimeClasspath,testRuntimeClasspath,whiteboxCompileClasspath,whiteboxRuntimeClasspath
org.springframework:spring-jcl:6.1.13=compileClasspath,runtimeClasspath,testCompileClasspath,testFixturesCompileClasspath,testFixturesRuntimeClasspath,testRuntimeClasspath,whiteboxCompileClasspath,whiteboxRuntimeClasspath
org.springframework:spring-jdbc:6.1.13=compileClasspath,runtimeClasspath,testCompileClasspath,testFixturesCompileClasspath,testFixturesRuntimeClasspath,testRuntimeClasspath,whiteboxCompileClasspath,whiteboxRuntimeClasspath
org.springframework:spring-orm:6.1.13=compileClasspath,runtimeClasspath,testCompileClasspath,testFixturesCompileClasspath,testFixturesRuntimeClasspath,testRuntimeClasspath,whiteboxCompileClasspath,whiteboxRuntimeClasspath
org.springframework:spring-test:6.1.13=testCompileClasspath,testRuntimeClasspath
org.springframework:spring-tx:6.1.13=compileClasspath,runtimeClasspath,testCompileClasspath,testFixturesCompileClasspath,testFixturesRuntimeClasspath,testRuntimeClasspath,whiteboxCompileClasspath,whiteboxRuntimeClasspath
org.xmlresolver:xmlresolver:5.2.2=spotbugs
org.yaml:snakeyaml:2.2=runtimeClasspath,testFixturesRuntimeClasspath,testRuntimeClasspath,whiteboxRuntimeClasspath
empty=spotbugsPlugins
