# This is a Gradle generated file for dependency locking.
# Manual edits can break the build and are not advised.
# This file is expected to be part of source control.
ch.qos.logback:logback-classic:1.3.14=spotless996156776
ch.qos.logback:logback-core:1.3.14=spotless996156776
com.pinterest.ktlint:ktlint-cli-reporter-baseline:1.1.1=spotless996156776
com.pinterest.ktlint:ktlint-cli-reporter-checkstyle:1.1.1=spotless996156776
com.pinterest.ktlint:ktlint-cli-reporter-core:1.1.1=spotless996156776
com.pinterest.ktlint:ktlint-cli-reporter-format:1.1.1=spotless996156776
com.pinterest.ktlint:ktlint-cli-reporter-html:1.1.1=spotless996156776
com.pinterest.ktlint:ktlint-cli-reporter-json:1.1.1=spotless996156776
com.pinterest.ktlint:ktlint-cli-reporter-plain-summary:1.1.1=spotless996156776
com.pinterest.ktlint:ktlint-cli-reporter-plain:1.1.1=spotless996156776
com.pinterest.ktlint:ktlint-cli-reporter-sarif:1.1.1=spotless996156776
com.pinterest.ktlint:ktlint-cli-ruleset-core:1.1.1=spotless996156776
com.pinterest.ktlint:ktlint-cli:1.1.1=spotless996156776
com.pinterest.ktlint:ktlint-logger:1.1.1=spotless996156776
com.pinterest.ktlint:ktlint-rule-engine-core:1.1.1=spotless996156776
com.pinterest.ktlint:ktlint-rule-engine:1.1.1=spotless996156776
com.pinterest.ktlint:ktlint-ruleset-standard:1.1.1=spotless996156776
dev.drewhamilton.poko:poko-annotations-jvm:0.15.2=spotless996156776
dev.drewhamilton.poko:poko-annotations:0.15.2=spotless996156776
info.picocli:picocli:4.7.5=spotless996156776
io.github.detekt.sarif4k:sarif4k-jvm:0.5.0=spotless996156776
io.github.detekt.sarif4k:sarif4k:0.5.0=spotless996156776
io.github.oshai:kotlin-logging-jvm:5.1.4=spotless996156776
org.ec4j.core:ec4j-core:0.3.0=spotless996156776
org.jetbrains.intellij.deps:trove4j:1.0.20200330=spotless996156776
org.jetbrains.kotlin:kotlin-compiler-embeddable:1.9.22=spotless996156776
org.jetbrains.kotlin:kotlin-daemon-embeddable:1.9.22=spotless996156776
org.jetbrains.kotlin:kotlin-reflect:1.6.10=spotless996156776
org.jetbrains.kotlin:kotlin-script-runtime:1.9.22=spotless996156776
org.jetbrains.kotlin:kotlin-stdlib-common:1.9.22=spotless996156776
org.jetbrains.kotlin:kotlin-stdlib-jdk7:1.8.22=spotless996156776
org.jetbrains.kotlin:kotlin-stdlib-jdk8:1.8.22=spotless996156776
org.jetbrains.kotlin:kotlin-stdlib:1.9.22=spotless996156776
org.jetbrains.kotlinx:kotlinx-serialization-core-jvm:1.4.1=spotless996156776
org.jetbrains.kotlinx:kotlinx-serialization-core:1.4.1=spotless996156776
org.jetbrains.kotlinx:kotlinx-serialization-json-jvm:1.4.1=spotless996156776
org.jetbrains.kotlinx:kotlinx-serialization-json:1.4.1=spotless996156776
org.jetbrains:annotations:13.0=spotless996156776
org.slf4j:slf4j-api:2.0.7=spotless996156776
empty=projectHealthClasspath,resolvedDepsClasspath
