# This is a Gradle generated file for dependency locking.
# Manual edits can break the build and are not advised.
# This file is expected to be part of source control.
com.xenoterracide.gradle:gradle-version-catalog-spring:0.0.1-alpha.0.56+git.56.72fc362=incomingCatalogForSb0
empty=incomingCatalogForLibs0
