# This is a Gradle generated file for dependency locking.
# Manual edits can break the build and are not advised.
# This file is expected to be part of source control.
com.fasterxml:classmate:1.7.0=annotationProcessor,compileClasspath,runtimeClasspath,testFixturesAnnotationProcessor,testFixturesRuntimeClasspath,testRuntimeClasspath,whiteboxRuntimeClasspath
com.github.ben-manes.caffeine:caffeine:3.0.5=testAnnotationProcessor,whiteboxAnnotationProcessor
com.github.ben-manes.caffeine:caffeine:3.1.8=annotationProcessor,testFixturesAnnotationProcessor
com.github.f4b6a3:uuid-creator:6.1.1=testFixturesCompileClasspath,testFixturesRuntimeClasspath,testRuntimeClasspath,whiteboxRuntimeClasspath
com.github.kevinstern:software-and-algorithms:1.0=annotationProcessor,testAnnotationProcessor,testFixturesAnnotationProcessor,whiteboxAnnotationProcessor
com.github.spotbugs:spotbugs-annotations:4.9.3=spotbugs
com.github.spotbugs:spotbugs:4.9.3=spotbugs
com.github.stephenc.jcip:jcip-annotations:1.0-1=spotbugs
com.google.auto.service:auto-service-annotations:1.0.1=annotationProcessor,testAnnotationProcessor,testFixturesAnnotationProcessor,whiteboxAnnotationProcessor
com.google.auto.value:auto-value-annotations:1.9=annotationProcessor,testAnnotationProcessor,testFixturesAnnotationProcessor,whiteboxAnnotationProcessor
com.google.auto:auto-common:1.2.2=annotationProcessor,testAnnotationProcessor,testFixturesAnnotationProcessor,whiteboxAnnotationProcessor
com.google.code.findbugs:jsr305:3.0.2=checkstyle,spotbugs
com.google.code.gson:gson:2.12.1=spotbugs
com.google.errorprone:error_prone_annotation:2.38.0=annotationProcessor,testAnnotationProcessor,testFixturesAnnotationProcessor,whiteboxAnnotationProcessor
com.google.errorprone:error_prone_annotations:2.36.0=spotbugs
com.google.errorprone:error_prone_annotations:2.38.0=annotationProcessor,testAnnotationProcessor,testFixturesAnnotationProcessor,whiteboxAnnotationProcessor
com.google.errorprone:error_prone_annotations:2.7.1=checkstyle
com.google.errorprone:error_prone_check_api:2.38.0=annotationProcessor,testAnnotationProcessor,testFixturesAnnotationProcessor,whiteboxAnnotationProcessor
com.google.errorprone:error_prone_core:2.38.0=annotationProcessor,testAnnotationProcessor,testFixturesAnnotationProcessor,whiteboxAnnotationProcessor
com.google.errorprone:javac:9+181-r4173-1=errorproneJavac
com.google.googlejavaformat:google-java-format:1.24.0=annotationProcessor,testAnnotationProcessor,testFixturesAnnotationProcessor,whiteboxAnnotationProcessor
com.google.guava:failureaccess:1.0.1=checkstyle
com.google.guava:failureaccess:1.0.3=annotationProcessor,testAnnotationProcessor,testFixturesAnnotationProcessor,whiteboxAnnotationProcessor
com.google.guava:guava:31.0.1-jre=checkstyle
com.google.guava:guava:33.4.6-jre=annotationProcessor,testAnnotationProcessor,testFixturesAnnotationProcessor,whiteboxAnnotationProcessor
com.google.guava:listenablefuture:9999.0-empty-to-avoid-conflict-with-guava=annotationProcessor,checkstyle,testAnnotationProcessor,testFixturesAnnotationProcessor,whiteboxAnnotationProcessor
com.google.j2objc:j2objc-annotations:1.3=checkstyle
com.google.j2objc:j2objc-annotations:3.0.0=annotationProcessor,testAnnotationProcessor,testFixturesAnnotationProcessor,whiteboxAnnotationProcessor
com.google.protobuf:protobuf-java:3.25.5=annotationProcessor,testAnnotationProcessor,testFixturesAnnotationProcessor,whiteboxAnnotationProcessor
com.h2database:h2:2.3.232=testRuntimeClasspath,whiteboxRuntimeClasspath
com.puppycrawl.tools:checkstyle:9.3=checkstyle
com.sun.istack:istack-commons-runtime:4.1.2=annotationProcessor,runtimeClasspath,testFixturesAnnotationProcessor,testFixturesRuntimeClasspath,testRuntimeClasspath,whiteboxRuntimeClasspath
com.uber.nullaway:nullaway:0.12.7=annotationProcessor,testAnnotationProcessor,testFixturesAnnotationProcessor,whiteboxAnnotationProcessor
com.xenoterracide:tools:0.1.0-beta.1.38+git.38.5c1600a=compileClasspath,testFixturesCompileClasspath,testFixturesRuntimeClasspath,testRuntimeClasspath,whiteboxRuntimeClasspath
com.zaxxer:HikariCP:5.1.0=runtimeClasspath,testFixturesRuntimeClasspath,testRuntimeClasspath,whiteboxRuntimeClasspath
commons-beanutils:commons-beanutils:1.9.4=checkstyle
commons-codec:commons-codec:1.15=spotbugs
commons-collections:commons-collections:3.2.2=checkstyle
info.picocli:picocli:4.6.2=checkstyle
io.github.eisop:dataflow-errorprone:3.41.0-eisop1=annotationProcessor,testAnnotationProcessor,testFixturesAnnotationProcessor,whiteboxAnnotationProcessor
io.github.java-diff-utils:java-diff-utils:4.12=annotationProcessor,testAnnotationProcessor,testFixturesAnnotationProcessor,whiteboxAnnotationProcessor
io.micrometer:micrometer-commons:1.14.6=compileClasspath,runtimeClasspath,testCompileClasspath,testFixturesCompileClasspath,testFixturesRuntimeClasspath,testRuntimeClasspath,whiteboxCompileClasspath,whiteboxRuntimeClasspath
io.micrometer:micrometer-observation:1.14.6=compileClasspath,runtimeClasspath,testCompileClasspath,testFixturesCompileClasspath,testFixturesRuntimeClasspath,testRuntimeClasspath,whiteboxCompileClasspath,whiteboxRuntimeClasspath
io.smallrye:jandex:3.2.0=annotationProcessor,runtimeClasspath,testFixturesAnnotationProcessor,testFixturesRuntimeClasspath,testRuntimeClasspath,whiteboxRuntimeClasspath
jakarta.activation:jakarta.activation-api:2.1.3=annotationProcessor,runtimeClasspath,testFixturesAnnotationProcessor,testFixturesRuntimeClasspath,testRuntimeClasspath,whiteboxRuntimeClasspath
jakarta.annotation:jakarta.annotation-api:2.1.1=annotationProcessor,compileClasspath,runtimeClasspath,testCompileClasspath,testFixturesAnnotationProcessor,testFixturesCompileClasspath,testFixturesRuntimeClasspath,testRuntimeClasspath,whiteboxCompileClasspath,whiteboxRuntimeClasspath
jakarta.enterprise:jakarta.enterprise.cdi-api:4.0.1=runtimeClasspath,testFixturesRuntimeClasspath,testRuntimeClasspath,whiteboxRuntimeClasspath
jakarta.enterprise:jakarta.enterprise.lang-model:4.0.1=runtimeClasspath,testFixturesRuntimeClasspath,testRuntimeClasspath,whiteboxRuntimeClasspath
jakarta.inject:jakarta.inject-api:2.0.1=annotationProcessor,runtimeClasspath,testFixturesAnnotationProcessor,testFixturesRuntimeClasspath,testRuntimeClasspath,whiteboxRuntimeClasspath
jakarta.interceptor:jakarta.interceptor-api:2.1.0=runtimeClasspath,testFixturesRuntimeClasspath,testRuntimeClasspath,whiteboxRuntimeClasspath
jakarta.persistence:jakarta.persistence-api:3.1.0=annotationProcessor,compileClasspath,runtimeClasspath,testCompileClasspath,testFixturesAnnotationProcessor,testFixturesCompileClasspath,testFixturesRuntimeClasspath,testRuntimeClasspath,whiteboxCompileClasspath,whiteboxRuntimeClasspath
jakarta.platform:jakarta.jakartaee-bom:10.0.0=annotationProcessor,compileClasspath,runtimeClasspath,testCompileClasspath,testFixturesAnnotationProcessor,testFixturesCompileClasspath,testFixturesRuntimeClasspath,testRuntimeClasspath,whiteboxCompileClasspath,whiteboxRuntimeClasspath
jakarta.transaction:jakarta.transaction-api:2.0.1=annotationProcessor,compileClasspath,runtimeClasspath,testCompileClasspath,testFixturesAnnotationProcessor,testFixturesCompileClasspath,testFixturesRuntimeClasspath,testRuntimeClasspath,whiteboxCompileClasspath,whiteboxRuntimeClasspath
jakarta.validation:jakarta.validation-api:3.0.2=annotationProcessor,compileClasspath,runtimeClasspath,testCompileClasspath,testFixturesAnnotationProcessor,testFixturesCompileClasspath,testFixturesRuntimeClasspath,testRuntimeClasspath,whiteboxCompileClasspath,whiteboxRuntimeClasspath
jakarta.xml.bind:jakarta.xml.bind-api:4.0.2=annotationProcessor,runtimeClasspath,testFixturesAnnotationProcessor,testFixturesRuntimeClasspath,testRuntimeClasspath,whiteboxRuntimeClasspath
javax.inject:javax.inject:1=annotationProcessor,testAnnotationProcessor,testFixturesAnnotationProcessor,whiteboxAnnotationProcessor
jaxen:jaxen:2.0.0=spotbugs
net.bytebuddy:byte-buddy:1.15.11=annotationProcessor,runtimeClasspath,testCompileClasspath,testFixturesAnnotationProcessor,testFixturesRuntimeClasspath,testRuntimeClasspath
net.bytebuddy:byte-buddy:1.17.5=whiteboxCompileClasspath,whiteboxRuntimeClasspath
net.sf.saxon:Saxon-HE:10.6=checkstyle
net.sf.saxon:Saxon-HE:12.5=spotbugs
nl.jqno.equalsverifier:equalsverifier:3.19.3=whiteboxCompileClasspath,whiteboxRuntimeClasspath
org.antlr:antlr4-runtime:4.13.0=annotationProcessor,runtimeClasspath,testCompileClasspath,testFixturesAnnotationProcessor,testFixturesCompileClasspath,testFixturesRuntimeClasspath,testRuntimeClasspath,whiteboxCompileClasspath,whiteboxRuntimeClasspath
org.antlr:antlr4-runtime:4.9.3=checkstyle
org.apache.bcel:bcel:6.10.0=spotbugs
org.apache.commons:commons-lang3:3.17.0=compileClasspath,runtimeClasspath,spotbugs,testCompileClasspath,testFixturesRuntimeClasspath,testRuntimeClasspath,whiteboxCompileClasspath,whiteboxRuntimeClasspath
org.apache.commons:commons-text:1.13.0=spotbugs
org.apache.httpcomponents.client5:httpclient5:5.1.3=spotbugs
org.apache.httpcomponents.core5:httpcore5-h2:5.1.3=spotbugs
org.apache.httpcomponents.core5:httpcore5:5.1.3=spotbugs
org.apache.logging.log4j:log4j-api:2.24.3=runtimeClasspath,spotbugs,testFixturesRuntimeClasspath,testRuntimeClasspath,whiteboxRuntimeClasspath
org.apache.logging.log4j:log4j-core:2.24.3=runtimeClasspath,spotbugs,testFixturesRuntimeClasspath,testRuntimeClasspath,whiteboxRuntimeClasspath
org.apache.logging.log4j:log4j-jul:2.24.3=runtimeClasspath,testFixturesRuntimeClasspath,testRuntimeClasspath,whiteboxRuntimeClasspath
org.apache.logging.log4j:log4j-slf4j2-impl:2.24.3=runtimeClasspath,testFixturesRuntimeClasspath,testRuntimeClasspath,whiteboxRuntimeClasspath
org.apache.tomcat.embed:tomcat-embed-el:10.1.40=runtimeClasspath,testFixturesRuntimeClasspath,testRuntimeClasspath,whiteboxRuntimeClasspath
org.apiguardian:apiguardian-api:1.1.2=testCompileClasspath,whiteboxCompileClasspath
org.aspectj:aspectjweaver:1.9.24=runtimeClasspath,testFixturesRuntimeClasspath,testRuntimeClasspath,whiteboxRuntimeClasspath
org.assertj:assertj-core:3.27.3=testCompileClasspath,testRuntimeClasspath,whiteboxCompileClasspath,whiteboxRuntimeClasspath
org.checkerframework:checker-qual:3.12.0=checkstyle
org.checkerframework:checker-qual:3.49.2=annotationProcessor,testAnnotationProcessor,testFixturesAnnotationProcessor,whiteboxAnnotationProcessor
org.checkerframework:dataflow-nullaway:3.49.2=annotationProcessor,testAnnotationProcessor,testFixturesAnnotationProcessor,whiteboxAnnotationProcessor
org.dom4j:dom4j:2.1.4=spotbugs
org.eclipse.angus:angus-activation:2.0.2=annotationProcessor,runtimeClasspath,testFixturesAnnotationProcessor,testFixturesRuntimeClasspath,testRuntimeClasspath,whiteboxRuntimeClasspath
org.glassfish.jaxb:jaxb-core:4.0.5=annotationProcessor,runtimeClasspath,testFixturesAnnotationProcessor,testFixturesRuntimeClasspath,testRuntimeClasspath,whiteboxRuntimeClasspath
org.glassfish.jaxb:jaxb-runtime:4.0.5=annotationProcessor,runtimeClasspath,testFixturesAnnotationProcessor,testFixturesRuntimeClasspath,testRuntimeClasspath,whiteboxRuntimeClasspath
org.glassfish.jaxb:txw2:4.0.5=annotationProcessor,runtimeClasspath,testFixturesAnnotationProcessor,testFixturesRuntimeClasspath,testRuntimeClasspath,whiteboxRuntimeClasspath
org.hibernate.common:hibernate-commons-annotations:7.0.3.Final=annotationProcessor,runtimeClasspath,testFixturesAnnotationProcessor,testFixturesRuntimeClasspath,testRuntimeClasspath,whiteboxRuntimeClasspath
org.hibernate.orm:hibernate-core:6.6.13.Final=annotationProcessor,compileClasspath,runtimeClasspath,testCompileClasspath,testFixturesAnnotationProcessor,testFixturesCompileClasspath,testFixturesRuntimeClasspath,testRuntimeClasspath,whiteboxCompileClasspath,whiteboxRuntimeClasspath
org.hibernate.orm:hibernate-envers:6.6.13.Final=compileClasspath,runtimeClasspath,testCompileClasspath,testFixturesCompileClasspath,testFixturesRuntimeClasspath,testRuntimeClasspath,whiteboxCompileClasspath,whiteboxRuntimeClasspath
org.hibernate.orm:hibernate-jpamodelgen:6.6.13.Final=annotationProcessor,testFixturesAnnotationProcessor
org.hibernate.validator:hibernate-validator:8.0.2.Final=compileClasspath,runtimeClasspath,testFixturesRuntimeClasspath,testRuntimeClasspath,whiteboxRuntimeClasspath
org.jacoco:org.jacoco.agent:0.8.13=jacocoAgent,jacocoAnt
org.jacoco:org.jacoco.ant:0.8.13=jacocoAnt
org.jacoco:org.jacoco.core:0.8.13=jacocoAnt
org.jacoco:org.jacoco.report:0.8.13=jacocoAnt
org.javassist:javassist:3.28.0-GA=checkstyle
org.jboss.logging:jboss-logging:3.5.3.Final=annotationProcessor,compileClasspath,runtimeClasspath,testFixturesAnnotationProcessor,testFixturesRuntimeClasspath,testRuntimeClasspath,whiteboxRuntimeClasspath
org.jmolecules:jmolecules-bom:2023.3.1=compileClasspath,runtimeClasspath,testCompileClasspath,testFixturesCompileClasspath,testFixturesRuntimeClasspath,testRuntimeClasspath,whiteboxCompileClasspath,whiteboxRuntimeClasspath
org.jmolecules:jmolecules-ddd:1.10.0=compileClasspath,runtimeClasspath,testCompileClasspath,testFixturesCompileClasspath,testFixturesRuntimeClasspath,testRuntimeClasspath,whiteboxCompileClasspath,whiteboxRuntimeClasspath
org.jmolecules:jmolecules-layered-architecture:1.10.0=compileClasspath,testCompileClasspath,whiteboxCompileClasspath
org.jspecify:jspecify:1.0.0=annotationProcessor,compileClasspath,testAnnotationProcessor,testCompileClasspath,testFixturesAnnotationProcessor,testFixturesCompileClasspath,testRuntimeClasspath,whiteboxAnnotationProcessor,whiteboxCompileClasspath,whiteboxRuntimeClasspath
org.junit.jupiter:junit-jupiter-api:5.12.2=testCompileClasspath,testRuntimeClasspath,whiteboxCompileClasspath,whiteboxRuntimeClasspath
org.junit.jupiter:junit-jupiter-engine:5.12.2=testRuntimeClasspath,whiteboxRuntimeClasspath
org.junit.jupiter:junit-jupiter-params:5.12.2=testCompileClasspath,testRuntimeClasspath,whiteboxCompileClasspath,whiteboxRuntimeClasspath
org.junit.platform:junit-platform-commons:1.12.2=testCompileClasspath,testRuntimeClasspath,whiteboxCompileClasspath,whiteboxRuntimeClasspath
org.junit.platform:junit-platform-engine:1.12.2=testRuntimeClasspath,whiteboxRuntimeClasspath
org.junit.platform:junit-platform-launcher:1.12.2=testRuntimeClasspath,whiteboxRuntimeClasspath
org.junit:junit-bom:5.12.2=compileClasspath,runtimeClasspath,testCompileClasspath,testFixturesCompileClasspath,testFixturesRuntimeClasspath,testRuntimeClasspath,whiteboxCompileClasspath,whiteboxRuntimeClasspath
org.objenesis:objenesis:3.4=whiteboxCompileClasspath,whiteboxRuntimeClasspath
org.opentest4j:opentest4j:1.3.0=testCompileClasspath,testRuntimeClasspath,whiteboxCompileClasspath,whiteboxRuntimeClasspath
org.ow2.asm:asm-analysis:9.7.1=spotbugs
org.ow2.asm:asm-commons:9.7.1=spotbugs
org.ow2.asm:asm-commons:9.8=jacocoAnt
org.ow2.asm:asm-tree:9.7.1=spotbugs
org.ow2.asm:asm-tree:9.8=jacocoAnt
org.ow2.asm:asm-util:9.7.1=spotbugs
org.ow2.asm:asm:9.7.1=spotbugs
org.ow2.asm:asm:9.8=jacocoAnt
org.pcollections:pcollections:4.0.1=annotationProcessor,testAnnotationProcessor,testFixturesAnnotationProcessor,whiteboxAnnotationProcessor
org.reflections:reflections:0.10.2=checkstyle
org.slf4j:slf4j-api:2.0.0=spotbugsSlf4j
org.slf4j:slf4j-api:2.0.17=compileClasspath,runtimeClasspath,spotbugs,testCompileClasspath,testFixturesCompileClasspath,testFixturesRuntimeClasspath,testRuntimeClasspath,whiteboxCompileClasspath,whiteboxRuntimeClasspath
org.slf4j:slf4j-simple:2.0.0=spotbugsSlf4j
org.springframework.boot:spring-boot-autoconfigure:3.4.5=runtimeClasspath,testCompileClasspath,testFixturesRuntimeClasspath,testRuntimeClasspath,whiteboxCompileClasspath,whiteboxRuntimeClasspath
org.springframework.boot:spring-boot-dependencies:3.4.5=annotationProcessor,compileClasspath,runtimeClasspath,testCompileClasspath,testFixturesAnnotationProcessor,testFixturesCompileClasspath,testFixturesRuntimeClasspath,testRuntimeClasspath,whiteboxCompileClasspath,whiteboxRuntimeClasspath
org.springframework.boot:spring-boot-starter-aop:3.4.5=testRuntimeClasspath,whiteboxRuntimeClasspath
org.springframework.boot:spring-boot-starter-data-jpa:3.4.5=runtimeClasspath,testFixturesRuntimeClasspath,testRuntimeClasspath,whiteboxRuntimeClasspath
org.springframework.boot:spring-boot-starter-jdbc:3.4.5=runtimeClasspath,testFixturesRuntimeClasspath,testRuntimeClasspath,whiteboxRuntimeClasspath
org.springframework.boot:spring-boot-starter-log4j2:3.4.5=runtimeClasspath,testFixturesRuntimeClasspath,testRuntimeClasspath,whiteboxRuntimeClasspath
org.springframework.boot:spring-boot-starter-validation:3.4.5=runtimeClasspath,testFixturesRuntimeClasspath,testRuntimeClasspath,whiteboxRuntimeClasspath
org.springframework.boot:spring-boot-starter:3.4.5=runtimeClasspath,testFixturesRuntimeClasspath,testRuntimeClasspath,whiteboxRuntimeClasspath
org.springframework.boot:spring-boot-test-autoconfigure:3.4.5=testCompileClasspath,testRuntimeClasspath,whiteboxCompileClasspath,whiteboxRuntimeClasspath
org.springframework.boot:spring-boot-test:3.4.5=testCompileClasspath,testRuntimeClasspath,whiteboxCompileClasspath,whiteboxRuntimeClasspath
org.springframework.boot:spring-boot:3.4.5=runtimeClasspath,testCompileClasspath,testFixturesRuntimeClasspath,testRuntimeClasspath,whiteboxCompileClasspath,whiteboxRuntimeClasspath
org.springframework.data:spring-data-commons:3.4.5=compileClasspath,runtimeClasspath,testCompileClasspath,testFixturesCompileClasspath,testFixturesRuntimeClasspath,testRuntimeClasspath,whiteboxCompileClasspath,whiteboxRuntimeClasspath
org.springframework.data:spring-data-envers:3.4.5=testRuntimeClasspath,whiteboxRuntimeClasspath
org.springframework.data:spring-data-jpa:3.4.5=runtimeClasspath,testCompileClasspath,testFixturesCompileClasspath,testFixturesRuntimeClasspath,testRuntimeClasspath,whiteboxCompileClasspath,whiteboxRuntimeClasspath
org.springframework.modulith:spring-modulith-bom:1.3.5=compileClasspath,runtimeClasspath,testCompileClasspath,testFixturesCompileClasspath,testFixturesRuntimeClasspath,testRuntimeClasspath,whiteboxCompileClasspath,whiteboxRuntimeClasspath
org.springframework:spring-aop:6.2.6=compileClasspath,runtimeClasspath,testCompileClasspath,testFixturesCompileClasspath,testFixturesRuntimeClasspath,testRuntimeClasspath,whiteboxCompileClasspath,whiteboxRuntimeClasspath
org.springframework:spring-aspects:6.2.6=runtimeClasspath,testFixturesRuntimeClasspath,testRuntimeClasspath,whiteboxRuntimeClasspath
org.springframework:spring-beans:6.2.6=compileClasspath,runtimeClasspath,testCompileClasspath,testFixturesCompileClasspath,testFixturesRuntimeClasspath,testRuntimeClasspath,whiteboxCompileClasspath,whiteboxRuntimeClasspath
org.springframework:spring-context:6.2.6=compileClasspath,runtimeClasspath,testCompileClasspath,testFixturesCompileClasspath,testFixturesRuntimeClasspath,testRuntimeClasspath,whiteboxCompileClasspath,whiteboxRuntimeClasspath
org.springframework:spring-core:6.2.6=compileClasspath,runtimeClasspath,testCompileClasspath,testFixturesCompileClasspath,testFixturesRuntimeClasspath,testRuntimeClasspath,whiteboxCompileClasspath,whiteboxRuntimeClasspath
org.springframework:spring-expression:6.2.6=compileClasspath,runtimeClasspath,testCompileClasspath,testFixturesCompileClasspath,testFixturesRuntimeClasspath,testRuntimeClasspath,whiteboxCompileClasspath,whiteboxRuntimeClasspath
org.springframework:spring-jcl:6.2.6=compileClasspath,runtimeClasspath,testCompileClasspath,testFixturesCompileClasspath,testFixturesRuntimeClasspath,testRuntimeClasspath,whiteboxCompileClasspath,whiteboxRuntimeClasspath
org.springframework:spring-jdbc:6.2.6=runtimeClasspath,testCompileClasspath,testFixturesCompileClasspath,testFixturesRuntimeClasspath,testRuntimeClasspath,whiteboxCompileClasspath,whiteboxRuntimeClasspath
org.springframework:spring-orm:6.2.6=runtimeClasspath,testCompileClasspath,testFixturesCompileClasspath,testFixturesRuntimeClasspath,testRuntimeClasspath,whiteboxCompileClasspath,whiteboxRuntimeClasspath
org.springframework:spring-test:6.2.6=testCompileClasspath,testRuntimeClasspath,whiteboxCompileClasspath,whiteboxRuntimeClasspath
org.springframework:spring-tx:6.2.6=compileClasspath,runtimeClasspath,testCompileClasspath,testFixturesCompileClasspath,testFixturesRuntimeClasspath,testRuntimeClasspath,whiteboxCompileClasspath,whiteboxRuntimeClasspath
org.xmlresolver:xmlresolver:5.2.2=spotbugs
org.yaml:snakeyaml:2.3=runtimeClasspath,testFixturesRuntimeClasspath,testRuntimeClasspath,whiteboxRuntimeClasspath
empty=spotbugsPlugins
