# This is a Gradle generated file for dependency locking.
# Manual edits can break the build and are not advised.
# This file is expected to be part of source control.
org.gradlex.java-module-testing:org.gradlex.java-module-testing.gradle.plugin:1.4=classpath
org.gradlex:java-module-testing:1.4=classpath
empty=
