# This is a Gradle generated file for dependency locking.
# Manual edits can break the build and are not advised.
# This file is expected to be part of source control.
com.github.spotbugs.snom:spotbugs-gradle-plugin:6.1.5=buildScriptClasspath,compileClasspath,runtimeClasspath
com.github.spotbugs:com.github.spotbugs.gradle.plugin:6.1.5=buildScriptClasspath,runtimeClasspath
com.xenoterracide.gradle.convention:checkstyle:0.2.2=buildScriptClasspath,runtimeClasspath
com.xenoterracide.gradle.convention:coverage:0.2.2=buildScriptClasspath,runtimeClasspath
com.xenoterracide.gradle.convention:publish:0.2.2=buildScriptClasspath,compileClasspath,runtimeClasspath
com.xenoterracide.gradle.convention:spotbugs:0.2.2=buildScriptClasspath,runtimeClasspath
com.xenoterracide:gradle-semver:0.11.5=buildScriptClasspath,compileClasspath,runtimeClasspath
io.vavr:vavr-match:0.10.4=buildScriptClasspath,compileClasspath,runtimeClasspath
io.vavr:vavr:0.10.4=buildScriptClasspath,compileClasspath,runtimeClasspath
net.ltgt.gradle:gradle-errorprone-plugin:4.1.0=buildScriptClasspath,compileClasspath,runtimeClasspath
org.jetbrains.intellij.deps:trove4j:1.0.20200330=kotlinBuildToolsApiClasspath,kotlinCompilerClasspath
org.jetbrains.kotlin:kotlin-assignment-compiler-plugin-embeddable:2.0.21=kotlinCompilerPluginClasspathMain
org.jetbrains.kotlin:kotlin-build-common:2.0.21=kotlinBuildToolsApiClasspath
org.jetbrains.kotlin:kotlin-build-tools-api:2.0.21=kotlinBuildToolsApiClasspath
org.jetbrains.kotlin:kotlin-build-tools-impl:2.0.21=kotlinBuildToolsApiClasspath
org.jetbrains.kotlin:kotlin-compiler-embeddable:2.0.21=kotlinBuildToolsApiClasspath,kotlinCompilerClasspath
org.jetbrains.kotlin:kotlin-compiler-runner:2.0.21=kotlinBuildToolsApiClasspath
org.jetbrains.kotlin:kotlin-daemon-client:2.0.21=kotlinBuildToolsApiClasspath
org.jetbrains.kotlin:kotlin-daemon-embeddable:2.0.21=kotlinBuildToolsApiClasspath,kotlinCompilerClasspath
org.jetbrains.kotlin:kotlin-reflect:1.6.10=kotlinBuildToolsApiClasspath,kotlinCompilerClasspath
org.jetbrains.kotlin:kotlin-reflect:2.0.21=compileClasspath
org.jetbrains.kotlin:kotlin-sam-with-receiver-compiler-plugin-embeddable:2.0.21=kotlinCompilerPluginClasspathMain
org.jetbrains.kotlin:kotlin-script-runtime:2.0.21=kotlinBuildToolsApiClasspath,kotlinCompilerClasspath,kotlinCompilerPluginClasspathMain
org.jetbrains.kotlin:kotlin-scripting-common:2.0.21=kotlinBuildToolsApiClasspath,kotlinCompilerPluginClasspathMain
org.jetbrains.kotlin:kotlin-scripting-compiler-embeddable:2.0.21=kotlinBuildToolsApiClasspath,kotlinCompilerPluginClasspathMain
org.jetbrains.kotlin:kotlin-scripting-compiler-impl-embeddable:2.0.21=kotlinBuildToolsApiClasspath,kotlinCompilerPluginClasspathMain
org.jetbrains.kotlin:kotlin-scripting-jvm:2.0.21=kotlinBuildToolsApiClasspath,kotlinCompilerPluginClasspathMain
org.jetbrains.kotlin:kotlin-stdlib:2.0.21=buildScriptClasspath,compileClasspath,kotlinBuildToolsApiClasspath,kotlinCompilerClasspath,kotlinCompilerPluginClasspathMain,runtimeClasspath
org.jetbrains.kotlinx:kotlinx-coroutines-core-jvm:1.6.4=kotlinBuildToolsApiClasspath,kotlinCompilerClasspath
org.jetbrains:annotations:13.0=buildScriptClasspath,compileClasspath,kotlinBuildToolsApiClasspath,kotlinCompilerClasspath,kotlinCompilerPluginClasspathMain,runtimeClasspath
org.semver4j:semver4j:5.4.0=buildScriptClasspath,compileClasspath,runtimeClasspath
empty=kotlinScriptDefExtensions
